PODS:
  - AEXML (4.2.2)
  - Alamofire (4.7.3)
  - NVActivityIndicatorView (4.3.0):
    - NVActivityIndicatorView/Presenter (= 4.3.0)
  - NVActivityIndicatorView/Presenter (4.3.0)

DEPENDENCIES:
  - AEXML (~> 4.2.2)
  - Alamofire
  - NVActivityIndicatorView

SPEC REPOS:
  https://github.com/cocoapods/specs.git:
    - AEXML
    - Alamofire
    - NVActivityIndicatorView

SPEC CHECKSUMS:
  AEXML: 5ebafc1b75e0bcf0f1b09b8ca8fed2d5a199479b
  Alamofire: c7287b6e5d7da964a70935e5db17046b7fde6568
  NVActivityIndicatorView: 963f62bf9f993fcf23218e55958e5b1761b9504c

PODFILE CHECKSUM: 4088c06bf533d6b0e91b7379fa9e66f246fcb7e2

COCOAPODS: 1.5.2
