// !$*UTF8*$!
{
	archiveVersion = 1;
	classes = {
	};
	objectVersion = 48;
	objects = {

/* Begin PBXBuildFile section */
		23BD1ADA214B4D31001437CD /* AppDelegate.swift in Sources */ = {isa = PBXBuildFile; fileRef = 23BD1AD9214B4D31001437CD /* AppDelegate.swift */; };
		23BD1ADC214B4D31001437CD /* ViewController.swift in Sources */ = {isa = PBXBuildFile; fileRef = 23BD1ADB214B4D31001437CD /* ViewController.swift */; };
		23BD1ADF214B4D31001437CD /* Main.storyboard in Resources */ = {isa = PBXBuildFile; fileRef = 23BD1ADD214B4D31001437CD /* Main.storyboard */; };
		23BD1AE1214B4D31001437CD /* Assets.xcassets in Resources */ = {isa = PBXBuildFile; fileRef = 23BD1AE0214B4D31001437CD /* Assets.xcassets */; };
		23BD1AE4214B4D31001437CD /* LaunchScreen.storyboard in Resources */ = {isa = PBXBuildFile; fileRef = 23BD1AE2214B4D31001437CD /* LaunchScreen.storyboard */; };
		23BD1AEF214B4D31001437CD /* PegasusEvaluationTests.swift in Sources */ = {isa = PBXBuildFile; fileRef = 23BD1AEE214B4D31001437CD /* PegasusEvaluationTests.swift */; };
		23BD1AFA214B4D31001437CD /* PegasusEvaluationUITests.swift in Sources */ = {isa = PBXBuildFile; fileRef = 23BD1AF9214B4D31001437CD /* PegasusEvaluationUITests.swift */; };
		23F24C4D214D6C5300F62EFD /* TempConvert.swift in Sources */ = {isa = PBXBuildFile; fileRef = 23F24C47214D6C5200F62EFD /* TempConvert.swift */; };
		23F24C4E214D6C5300F62EFD /* SWXMLHash+TypeConversion.swift in Sources */ = {isa = PBXBuildFile; fileRef = 23F24C48214D6C5200F62EFD /* SWXMLHash+TypeConversion.swift */; };
		23F24C4F214D6C5300F62EFD /* SoapHttpClient.swift in Sources */ = {isa = PBXBuildFile; fileRef = 23F24C49214D6C5300F62EFD /* SoapHttpClient.swift */; };
		23F24C50214D6C5300F62EFD /* SoapHttpClientExtension.swift in Sources */ = {isa = PBXBuildFile; fileRef = 23F24C4B214D6C5300F62EFD /* SoapHttpClientExtension.swift */; };
		23F24C51214D6C5300F62EFD /* SWXMLHash.swift in Sources */ = {isa = PBXBuildFile; fileRef = 23F24C4C214D6C5300F62EFD /* SWXMLHash.swift */; };
		23F24C53214D826E00F62EFD /* ConverterViewModel.swift in Sources */ = {isa = PBXBuildFile; fileRef = 23F24C52214D826E00F62EFD /* ConverterViewModel.swift */; };
		6B480E9E9CE565BF7EE5ED27 /* libPods-PegasusEvaluationUITests.a in Frameworks */ = {isa = PBXBuildFile; fileRef = 96A2BFD671495907134B39C2 /* libPods-PegasusEvaluationUITests.a */; };
		A360EE06F436665411949BAC /* libPods-PegasusEvaluation.a in Frameworks */ = {isa = PBXBuildFile; fileRef = A139282E146A682456C20452 /* libPods-PegasusEvaluation.a */; };
		B267A66FDB15175401D33A8D /* libPods-PegasusEvaluationTests.a in Frameworks */ = {isa = PBXBuildFile; fileRef = 1FF68AB907E790ABA2BB7F50 /* libPods-PegasusEvaluationTests.a */; };
/* End PBXBuildFile section */

/* Begin PBXContainerItemProxy section */
		23BD1AEB214B4D31001437CD /* PBXContainerItemProxy */ = {
			isa = PBXContainerItemProxy;
			containerPortal = 23BD1ACE214B4D31001437CD /* Project object */;
			proxyType = 1;
			remoteGlobalIDString = 23BD1AD5214B4D31001437CD;
			remoteInfo = PegasusEvaluation;
		};
		23BD1AF6214B4D31001437CD /* PBXContainerItemProxy */ = {
			isa = PBXContainerItemProxy;
			containerPortal = 23BD1ACE214B4D31001437CD /* Project object */;
			proxyType = 1;
			remoteGlobalIDString = 23BD1AD5214B4D31001437CD;
			remoteInfo = PegasusEvaluation;
		};
/* End PBXContainerItemProxy section */

/* Begin PBXFileReference section */
		1FF68AB907E790ABA2BB7F50 /* libPods-PegasusEvaluationTests.a */ = {isa = PBXFileReference; explicitFileType = archive.ar; includeInIndex = 0; path = "libPods-PegasusEvaluationTests.a"; sourceTree = BUILT_PRODUCTS_DIR; };
		23BD1AD6214B4D31001437CD /* PegasusEvaluation.app */ = {isa = PBXFileReference; explicitFileType = wrapper.application; includeInIndex = 0; path = PegasusEvaluation.app; sourceTree = BUILT_PRODUCTS_DIR; };
		23BD1AD9214B4D31001437CD /* AppDelegate.swift */ = {isa = PBXFileReference; lastKnownFileType = sourcecode.swift; path = AppDelegate.swift; sourceTree = "<group>"; };
		23BD1ADB214B4D31001437CD /* ViewController.swift */ = {isa = PBXFileReference; lastKnownFileType = sourcecode.swift; path = ViewController.swift; sourceTree = "<group>"; };
		23BD1ADE214B4D31001437CD /* Base */ = {isa = PBXFileReference; lastKnownFileType = file.storyboard; name = Base; path = Base.lproj/Main.storyboard; sourceTree = "<group>"; };
		23BD1AE0214B4D31001437CD /* Assets.xcassets */ = {isa = PBXFileReference; lastKnownFileType = folder.assetcatalog; path = Assets.xcassets; sourceTree = "<group>"; };
		23BD1AE3214B4D31001437CD /* Base */ = {isa = PBXFileReference; lastKnownFileType = file.storyboard; name = Base; path = Base.lproj/LaunchScreen.storyboard; sourceTree = "<group>"; };
		23BD1AE5214B4D31001437CD /* Info.plist */ = {isa = PBXFileReference; lastKnownFileType = text.plist.xml; path = Info.plist; sourceTree = "<group>"; };
		23BD1AEA214B4D31001437CD /* PegasusEvaluationTests.xctest */ = {isa = PBXFileReference; explicitFileType = wrapper.cfbundle; includeInIndex = 0; path = PegasusEvaluationTests.xctest; sourceTree = BUILT_PRODUCTS_DIR; };
		23BD1AEE214B4D31001437CD /* PegasusEvaluationTests.swift */ = {isa = PBXFileReference; lastKnownFileType = sourcecode.swift; path = PegasusEvaluationTests.swift; sourceTree = "<group>"; };
		23BD1AF0214B4D31001437CD /* Info.plist */ = {isa = PBXFileReference; lastKnownFileType = text.plist.xml; path = Info.plist; sourceTree = "<group>"; };
		23BD1AF5214B4D31001437CD /* PegasusEvaluationUITests.xctest */ = {isa = PBXFileReference; explicitFileType = wrapper.cfbundle; includeInIndex = 0; path = PegasusEvaluationUITests.xctest; sourceTree = BUILT_PRODUCTS_DIR; };
		23BD1AF9214B4D31001437CD /* PegasusEvaluationUITests.swift */ = {isa = PBXFileReference; lastKnownFileType = sourcecode.swift; path = PegasusEvaluationUITests.swift; sourceTree = "<group>"; };
		23BD1AFB214B4D31001437CD /* Info.plist */ = {isa = PBXFileReference; lastKnownFileType = text.plist.xml; path = Info.plist; sourceTree = "<group>"; };
		23DF7986214B626300EE50C7 /* PegasusEvaluation-Bridging-Header.h */ = {isa = PBXFileReference; lastKnownFileType = sourcecode.c.h; path = "PegasusEvaluation-Bridging-Header.h"; sourceTree = "<group>"; };
		23F24C47214D6C5200F62EFD /* TempConvert.swift */ = {isa = PBXFileReference; fileEncoding = 4; lastKnownFileType = sourcecode.swift; name = TempConvert.swift; path = ../../../../../../Downloads/swiftcodes/TempConvert.swift; sourceTree = "<group>"; };
		23F24C48214D6C5200F62EFD /* SWXMLHash+TypeConversion.swift */ = {isa = PBXFileReference; fileEncoding = 4; lastKnownFileType = sourcecode.swift; name = "SWXMLHash+TypeConversion.swift"; path = "../../../../../../Downloads/swiftcodes/SWXMLHash+TypeConversion.swift"; sourceTree = "<group>"; };
		23F24C49214D6C5300F62EFD /* SoapHttpClient.swift */ = {isa = PBXFileReference; fileEncoding = 4; lastKnownFileType = sourcecode.swift; name = SoapHttpClient.swift; path = ../../../../../../Downloads/swiftcodes/SoapHttpClient.swift; sourceTree = "<group>"; };
		23F24C4A214D6C5300F62EFD /* SWXMLHash.h */ = {isa = PBXFileReference; fileEncoding = 4; lastKnownFileType = sourcecode.c.h; name = SWXMLHash.h; path = ../../../../../../Downloads/swiftcodes/SWXMLHash.h; sourceTree = "<group>"; };
		23F24C4B214D6C5300F62EFD /* SoapHttpClientExtension.swift */ = {isa = PBXFileReference; fileEncoding = 4; lastKnownFileType = sourcecode.swift; name = SoapHttpClientExtension.swift; path = ../../../../../../Downloads/swiftcodes/SoapHttpClientExtension.swift; sourceTree = "<group>"; };
		23F24C4C214D6C5300F62EFD /* SWXMLHash.swift */ = {isa = PBXFileReference; fileEncoding = 4; lastKnownFileType = sourcecode.swift; name = SWXMLHash.swift; path = ../../../../../../Downloads/swiftcodes/SWXMLHash.swift; sourceTree = "<group>"; };
		23F24C52214D826E00F62EFD /* ConverterViewModel.swift */ = {isa = PBXFileReference; lastKnownFileType = sourcecode.swift; path = ConverterViewModel.swift; sourceTree = "<group>"; };
		5D0E6ED17DEBD3146AE9808D /* Pods-PegasusEvaluationUITests.release.xcconfig */ = {isa = PBXFileReference; includeInIndex = 1; lastKnownFileType = text.xcconfig; name = "Pods-PegasusEvaluationUITests.release.xcconfig"; path = "Pods/Target Support Files/Pods-PegasusEvaluationUITests/Pods-PegasusEvaluationUITests.release.xcconfig"; sourceTree = "<group>"; };
		619E5428AD90224101B06DD7 /* Pods-PegasusEvaluationTests.release.xcconfig */ = {isa = PBXFileReference; includeInIndex = 1; lastKnownFileType = text.xcconfig; name = "Pods-PegasusEvaluationTests.release.xcconfig"; path = "Pods/Target Support Files/Pods-PegasusEvaluationTests/Pods-PegasusEvaluationTests.release.xcconfig"; sourceTree = "<group>"; };
		6A2711CFE7FE6DD36A97CED9 /* Pods-PegasusEvaluation.release.xcconfig */ = {isa = PBXFileReference; includeInIndex = 1; lastKnownFileType = text.xcconfig; name = "Pods-PegasusEvaluation.release.xcconfig"; path = "Pods/Target Support Files/Pods-PegasusEvaluation/Pods-PegasusEvaluation.release.xcconfig"; sourceTree = "<group>"; };
		90860894B47D24682EE5DFF2 /* Pods-PegasusEvaluationUITests.debug.xcconfig */ = {isa = PBXFileReference; includeInIndex = 1; lastKnownFileType = text.xcconfig; name = "Pods-PegasusEvaluationUITests.debug.xcconfig"; path = "Pods/Target Support Files/Pods-PegasusEvaluationUITests/Pods-PegasusEvaluationUITests.debug.xcconfig"; sourceTree = "<group>"; };
		96A2BFD671495907134B39C2 /* libPods-PegasusEvaluationUITests.a */ = {isa = PBXFileReference; explicitFileType = archive.ar; includeInIndex = 0; path = "libPods-PegasusEvaluationUITests.a"; sourceTree = BUILT_PRODUCTS_DIR; };
		A139282E146A682456C20452 /* libPods-PegasusEvaluation.a */ = {isa = PBXFileReference; explicitFileType = archive.ar; includeInIndex = 0; path = "libPods-PegasusEvaluation.a"; sourceTree = BUILT_PRODUCTS_DIR; };
		A69D48D42A7AE9C3030D9E63 /* Pods-PegasusEvaluationTests.debug.xcconfig */ = {isa = PBXFileReference; includeInIndex = 1; lastKnownFileType = text.xcconfig; name = "Pods-PegasusEvaluationTests.debug.xcconfig"; path = "Pods/Target Support Files/Pods-PegasusEvaluationTests/Pods-PegasusEvaluationTests.debug.xcconfig"; sourceTree = "<group>"; };
		DC215B7DE58E7C3AB49DFD8A /* Pods-PegasusEvaluation.debug.xcconfig */ = {isa = PBXFileReference; includeInIndex = 1; lastKnownFileType = text.xcconfig; name = "Pods-PegasusEvaluation.debug.xcconfig"; path = "Pods/Target Support Files/Pods-PegasusEvaluation/Pods-PegasusEvaluation.debug.xcconfig"; sourceTree = "<group>"; };
/* End PBXFileReference section */

/* Begin PBXFrameworksBuildPhase section */
		23BD1AD3214B4D31001437CD /* Frameworks */ = {
			isa = PBXFrameworksBuildPhase;
			buildActionMask = 2147483647;
			files = (
				A360EE06F436665411949BAC /* libPods-PegasusEvaluation.a in Frameworks */,
			);
			runOnlyForDeploymentPostprocessing = 0;
		};
		23BD1AE7214B4D31001437CD /* Frameworks */ = {
			isa = PBXFrameworksBuildPhase;
			buildActionMask = 2147483647;
			files = (
				B267A66FDB15175401D33A8D /* libPods-PegasusEvaluationTests.a in Frameworks */,
			);
			runOnlyForDeploymentPostprocessing = 0;
		};
		23BD1AF2214B4D31001437CD /* Frameworks */ = {
			isa = PBXFrameworksBuildPhase;
			buildActionMask = 2147483647;
			files = (
				6B480E9E9CE565BF7EE5ED27 /* libPods-PegasusEvaluationUITests.a in Frameworks */,
			);
			runOnlyForDeploymentPostprocessing = 0;
		};
/* End PBXFrameworksBuildPhase section */

/* Begin PBXGroup section */
		23BD1ACD214B4D31001437CD = {
			isa = PBXGroup;
			children = (
				23BD1AD8214B4D31001437CD /* PegasusEvaluation */,
				23BD1AED214B4D31001437CD /* PegasusEvaluationTests */,
				23BD1AF8214B4D31001437CD /* PegasusEvaluationUITests */,
				23BD1AD7214B4D31001437CD /* Products */,
				E615DF2396389502C25B7784 /* Pods */,
				F2BD4F75C8C5FE5AB4D4E592 /* Frameworks */,
			);
			sourceTree = "<group>";
		};
		23BD1AD7214B4D31001437CD /* Products */ = {
			isa = PBXGroup;
			children = (
				23BD1AD6214B4D31001437CD /* PegasusEvaluation.app */,
				23BD1AEA214B4D31001437CD /* PegasusEvaluationTests.xctest */,
				23BD1AF5214B4D31001437CD /* PegasusEvaluationUITests.xctest */,
			);
			name = Products;
			sourceTree = "<group>";
		};
		23BD1AD8214B4D31001437CD /* PegasusEvaluation */ = {
			isa = PBXGroup;
			children = (
				23F24C46214D6C3400F62EFD /* TempConverter */,
				23BD1AD9214B4D31001437CD /* AppDelegate.swift */,
				23BD1ADB214B4D31001437CD /* ViewController.swift */,
				23BD1ADD214B4D31001437CD /* Main.storyboard */,
				23BD1AE0214B4D31001437CD /* Assets.xcassets */,
				23BD1AE2214B4D31001437CD /* LaunchScreen.storyboard */,
				23BD1AE5214B4D31001437CD /* Info.plist */,
				23DF7986214B626300EE50C7 /* PegasusEvaluation-Bridging-Header.h */,
				23F24C52214D826E00F62EFD /* ConverterViewModel.swift */,
			);
			path = PegasusEvaluation;
			sourceTree = "<group>";
		};
		23BD1AED214B4D31001437CD /* PegasusEvaluationTests */ = {
			isa = PBXGroup;
			children = (
				23BD1AEE214B4D31001437CD /* PegasusEvaluationTests.swift */,
				23BD1AF0214B4D31001437CD /* Info.plist */,
			);
			path = PegasusEvaluationTests;
			sourceTree = "<group>";
		};
		23BD1AF8214B4D31001437CD /* PegasusEvaluationUITests */ = {
			isa = PBXGroup;
			children = (
				23BD1AF9214B4D31001437CD /* PegasusEvaluationUITests.swift */,
				23BD1AFB214B4D31001437CD /* Info.plist */,
			);
			path = PegasusEvaluationUITests;
			sourceTree = "<group>";
		};
		23F24C46214D6C3400F62EFD /* TempConverter */ = {
			isa = PBXGroup;
			children = (
				23F24C49214D6C5300F62EFD /* SoapHttpClient.swift */,
				23F24C4B214D6C5300F62EFD /* SoapHttpClientExtension.swift */,
				23F24C4A214D6C5300F62EFD /* SWXMLHash.h */,
				23F24C4C214D6C5300F62EFD /* SWXMLHash.swift */,
				23F24C48214D6C5200F62EFD /* SWXMLHash+TypeConversion.swift */,
				23F24C47214D6C5200F62EFD /* TempConvert.swift */,
			);
			path = TempConverter;
			sourceTree = "<group>";
		};
		E615DF2396389502C25B7784 /* Pods */ = {
			isa = PBXGroup;
			children = (
				DC215B7DE58E7C3AB49DFD8A /* Pods-PegasusEvaluation.debug.xcconfig */,
				6A2711CFE7FE6DD36A97CED9 /* Pods-PegasusEvaluation.release.xcconfig */,
				A69D48D42A7AE9C3030D9E63 /* Pods-PegasusEvaluationTests.debug.xcconfig */,
				619E5428AD90224101B06DD7 /* Pods-PegasusEvaluationTests.release.xcconfig */,
				90860894B47D24682EE5DFF2 /* Pods-PegasusEvaluationUITests.debug.xcconfig */,
				5D0E6ED17DEBD3146AE9808D /* Pods-PegasusEvaluationUITests.release.xcconfig */,
			);
			name = Pods;
			sourceTree = "<group>";
		};
		F2BD4F75C8C5FE5AB4D4E592 /* Frameworks */ = {
			isa = PBXGroup;
			children = (
				A139282E146A682456C20452 /* libPods-PegasusEvaluation.a */,
				1FF68AB907E790ABA2BB7F50 /* libPods-PegasusEvaluationTests.a */,
				96A2BFD671495907134B39C2 /* libPods-PegasusEvaluationUITests.a */,
			);
			name = Frameworks;
			sourceTree = "<group>";
		};
/* End PBXGroup section */

/* Begin PBXNativeTarget section */
		23BD1AD5214B4D31001437CD /* PegasusEvaluation */ = {
			isa = PBXNativeTarget;
			buildConfigurationList = 23BD1AFE214B4D31001437CD /* Build configuration list for PBXNativeTarget "PegasusEvaluation" */;
			buildPhases = (
				AB874D8C3ECCFA2359B26BBC /* [CP] Check Pods Manifest.lock */,
				23BD1AD2214B4D31001437CD /* Sources */,
				23BD1AD3214B4D31001437CD /* Frameworks */,
				23BD1AD4214B4D31001437CD /* Resources */,
			);
			buildRules = (
			);
			dependencies = (
			);
			name = PegasusEvaluation;
			productName = PegasusEvaluation;
			productReference = 23BD1AD6214B4D31001437CD /* PegasusEvaluation.app */;
			productType = "com.apple.product-type.application";
		};
		23BD1AE9214B4D31001437CD /* PegasusEvaluationTests */ = {
			isa = PBXNativeTarget;
			buildConfigurationList = 23BD1B01214B4D31001437CD /* Build configuration list for PBXNativeTarget "PegasusEvaluationTests" */;
			buildPhases = (
				E57F9CDC59E5F2CA7B52A921 /* [CP] Check Pods Manifest.lock */,
				23BD1AE6214B4D31001437CD /* Sources */,
				23BD1AE7214B4D31001437CD /* Frameworks */,
				23BD1AE8214B4D31001437CD /* Resources */,
			);
			buildRules = (
			);
			dependencies = (
				23BD1AEC214B4D31001437CD /* PBXTargetDependency */,
			);
			name = PegasusEvaluationTests;
			productName = PegasusEvaluationTests;
			productReference = 23BD1AEA214B4D31001437CD /* PegasusEvaluationTests.xctest */;
			productType = "com.apple.product-type.bundle.unit-test";
		};
		23BD1AF4214B4D31001437CD /* PegasusEvaluationUITests */ = {
			isa = PBXNativeTarget;
			buildConfigurationList = 23BD1B04214B4D31001437CD /* Build configuration list for PBXNativeTarget "PegasusEvaluationUITests" */;
			buildPhases = (
				8FCE22D6E3AF34100F714673 /* [CP] Check Pods Manifest.lock */,
				23BD1AF1214B4D31001437CD /* Sources */,
				23BD1AF2214B4D31001437CD /* Frameworks */,
				23BD1AF3214B4D31001437CD /* Resources */,
			);
			buildRules = (
			);
			dependencies = (
				23BD1AF7214B4D31001437CD /* PBXTargetDependency */,
			);
			name = PegasusEvaluationUITests;
			productName = PegasusEvaluationUITests;
			productReference = 23BD1AF5214B4D31001437CD /* PegasusEvaluationUITests.xctest */;
			productType = "com.apple.product-type.bundle.ui-testing";
		};
/* End PBXNativeTarget section */

/* Begin PBXProject section */
		23BD1ACE214B4D31001437CD /* Project object */ = {
			isa = PBXProject;
			attributes = {
				LastSwiftUpdateCheck = 0920;
				LastUpgradeCheck = 0920;
				ORGANIZATIONNAME = DanielSR;
				TargetAttributes = {
					23BD1AD5214B4D31001437CD = {
						CreatedOnToolsVersion = 9.2;
						LastSwiftMigration = 0920;
						ProvisioningStyle = Automatic;
					};
					23BD1AE9214B4D31001437CD = {
						CreatedOnToolsVersion = 9.2;
						ProvisioningStyle = Automatic;
						TestTargetID = 23BD1AD5214B4D31001437CD;
					};
					23BD1AF4214B4D31001437CD = {
						CreatedOnToolsVersion = 9.2;
						ProvisioningStyle = Automatic;
						TestTargetID = 23BD1AD5214B4D31001437CD;
					};
				};
			};
			buildConfigurationList = 23BD1AD1214B4D31001437CD /* Build configuration list for PBXProject "PegasusEvaluation" */;
			compatibilityVersion = "Xcode 8.0";
			developmentRegion = en;
			hasScannedForEncodings = 0;
			knownRegions = (
				en,
				Base,
			);
			mainGroup = 23BD1ACD214B4D31001437CD;
			productRefGroup = 23BD1AD7214B4D31001437CD /* Products */;
			projectDirPath = "";
			projectRoot = "";
			targets = (
				23BD1AD5214B4D31001437CD /* PegasusEvaluation */,
				23BD1AE9214B4D31001437CD /* PegasusEvaluationTests */,
				23BD1AF4214B4D31001437CD /* PegasusEvaluationUITests */,
			);
		};
/* End PBXProject section */

/* Begin PBXResourcesBuildPhase section */
		23BD1AD4214B4D31001437CD /* Resources */ = {
			isa = PBXResourcesBuildPhase;
			buildActionMask = 2147483647;
			files = (
				23BD1AE4214B4D31001437CD /* LaunchScreen.storyboard in Resources */,
				23BD1AE1214B4D31001437CD /* Assets.xcassets in Resources */,
				23BD1ADF214B4D31001437CD /* Main.storyboard in Resources */,
			);
			runOnlyForDeploymentPostprocessing = 0;
		};
		23BD1AE8214B4D31001437CD /* Resources */ = {
			isa = PBXResourcesBuildPhase;
			buildActionMask = 2147483647;
			files = (
			);
			runOnlyForDeploymentPostprocessing = 0;
		};
		23BD1AF3214B4D31001437CD /* Resources */ = {
			isa = PBXResourcesBuildPhase;
			buildActionMask = 2147483647;
			files = (
			);
			runOnlyForDeploymentPostprocessing = 0;
		};
/* End PBXResourcesBuildPhase section */

/* Begin PBXShellScriptBuildPhase section */
		8FCE22D6E3AF34100F714673 /* [CP] Check Pods Manifest.lock */ = {
			isa = PBXShellScriptBuildPhase;
			buildActionMask = 2147483647;
			files = (
			);
			inputPaths = (
				"${PODS_PODFILE_DIR_PATH}/Podfile.lock",
				"${PODS_ROOT}/Manifest.lock",
			);
			name = "[CP] Check Pods Manifest.lock";
			outputPaths = (
				"$(DERIVED_FILE_DIR)/Pods-PegasusEvaluationUITests-checkManifestLockResult.txt",
			);
			runOnlyForDeploymentPostprocessing = 0;
			shellPath = /bin/sh;
			shellScript = "diff \"${PODS_PODFILE_DIR_PATH}/Podfile.lock\" \"${PODS_ROOT}/Manifest.lock\" > /dev/null\nif [ $? != 0 ] ; then\n    # print error to STDERR\n    echo \"error: The sandbox is not in sync with the Podfile.lock. Run 'pod install' or update your CocoaPods installation.\" >&2\n    exit 1\nfi\n# This output is used by Xcode 'outputs' to avoid re-running this script phase.\necho \"SUCCESS\" > \"${SCRIPT_OUTPUT_FILE_0}\"\n";
			showEnvVarsInLog = 0;
		};
		AB874D8C3ECCFA2359B26BBC /* [CP] Check Pods Manifest.lock */ = {
			isa = PBXShellScriptBuildPhase;
			buildActionMask = 2147483647;
			files = (
			);
			inputPaths = (
				"${PODS_PODFILE_DIR_PATH}/Podfile.lock",
				"${PODS_ROOT}/Manifest.lock",
			);
			name = "[CP] Check Pods Manifest.lock";
			outputPaths = (
				"$(DERIVED_FILE_DIR)/Pods-PegasusEvaluation-checkManifestLockResult.txt",
			);
			runOnlyForDeploymentPostprocessing = 0;
			shellPath = /bin/sh;
			shellScript = "diff \"${PODS_PODFILE_DIR_PATH}/Podfile.lock\" \"${PODS_ROOT}/Manifest.lock\" > /dev/null\nif [ $? != 0 ] ; then\n    # print error to STDERR\n    echo \"error: The sandbox is not in sync with the Podfile.lock. Run 'pod install' or update your CocoaPods installation.\" >&2\n    exit 1\nfi\n# This output is used by Xcode 'outputs' to avoid re-running this script phase.\necho \"SUCCESS\" > \"${SCRIPT_OUTPUT_FILE_0}\"\n";
			showEnvVarsInLog = 0;
		};
		E57F9CDC59E5F2CA7B52A921 /* [CP] Check Pods Manifest.lock */ = {
			isa = PBXShellScriptBuildPhase;
			buildActionMask = 2147483647;
			files = (
			);
			inputPaths = (
				"${PODS_PODFILE_DIR_PATH}/Podfile.lock",
				"${PODS_ROOT}/Manifest.lock",
			);
			name = "[CP] Check Pods Manifest.lock";
			outputPaths = (
				"$(DERIVED_FILE_DIR)/Pods-PegasusEvaluationTests-checkManifestLockResult.txt",
			);
			runOnlyForDeploymentPostprocessing = 0;
			shellPath = /bin/sh;
			shellScript = "diff \"${PODS_PODFILE_DIR_PATH}/Podfile.lock\" \"${PODS_ROOT}/Manifest.lock\" > /dev/null\nif [ $? != 0 ] ; then\n    # print error to STDERR\n    echo \"error: The sandbox is not in sync with the Podfile.lock. Run 'pod install' or update your CocoaPods installation.\" >&2\n    exit 1\nfi\n# This output is used by Xcode 'outputs' to avoid re-running this script phase.\necho \"SUCCESS\" > \"${SCRIPT_OUTPUT_FILE_0}\"\n";
			showEnvVarsInLog = 0;
		};
/* End PBXShellScriptBuildPhase section */

/* Begin PBXSourcesBuildPhase section */
		23BD1AD2214B4D31001437CD /* Sources */ = {
			isa = PBXSourcesBuildPhase;
			buildActionMask = 2147483647;
			files = (
				23BD1ADC214B4D31001437CD /* ViewController.swift in Sources */,
				23F24C50214D6C5300F62EFD /* SoapHttpClientExtension.swift in Sources */,
				23F24C51214D6C5300F62EFD /* SWXMLHash.swift in Sources */,
				23F24C4D214D6C5300F62EFD /* TempConvert.swift in Sources */,
				23BD1ADA214B4D31001437CD /* AppDelegate.swift in Sources */,
				23F24C4E214D6C5300F62EFD /* SWXMLHash+TypeConversion.swift in Sources */,
				23F24C4F214D6C5300F62EFD /* SoapHttpClient.swift in Sources */,
				23F24C53214D826E00F62EFD /* ConverterViewModel.swift in Sources */,
			);
			runOnlyForDeploymentPostprocessing = 0;
		};
		23BD1AE6214B4D31001437CD /* Sources */ = {
			isa = PBXSourcesBuildPhase;
			buildActionMask = 2147483647;
			files = (
				23BD1AEF214B4D31001437CD /* PegasusEvaluationTests.swift in Sources */,
			);
			runOnlyForDeploymentPostprocessing = 0;
		};
		23BD1AF1214B4D31001437CD /* Sources */ = {
			isa = PBXSourcesBuildPhase;
			buildActionMask = 2147483647;
			files = (
				23BD1AFA214B4D31001437CD /* PegasusEvaluationUITests.swift in Sources */,
			);
			runOnlyForDeploymentPostprocessing = 0;
		};
/* End PBXSourcesBuildPhase section */

/* Begin PBXTargetDependency section */
		23BD1AEC214B4D31001437CD /* PBXTargetDependency */ = {
			isa = PBXTargetDependency;
			target = 23BD1AD5214B4D31001437CD /* PegasusEvaluation */;
			targetProxy = 23BD1AEB214B4D31001437CD /* PBXContainerItemProxy */;
		};
		23BD1AF7214B4D31001437CD /* PBXTargetDependency */ = {
			isa = PBXTargetDependency;
			target = 23BD1AD5214B4D31001437CD /* PegasusEvaluation */;
			targetProxy = 23BD1AF6214B4D31001437CD /* PBXContainerItemProxy */;
		};
/* End PBXTargetDependency section */

/* Begin PBXVariantGroup section */
		23BD1ADD214B4D31001437CD /* Main.storyboard */ = {
			isa = PBXVariantGroup;
			children = (
				23BD1ADE214B4D31001437CD /* Base */,
			);
			name = Main.storyboard;
			sourceTree = "<group>";
		};
		23BD1AE2214B4D31001437CD /* LaunchScreen.storyboard */ = {
			isa = PBXVariantGroup;
			children = (
				23BD1AE3214B4D31001437CD /* Base */,
			);
			name = LaunchScreen.storyboard;
			sourceTree = "<group>";
		};
/* End PBXVariantGroup section */

/* Begin XCBuildConfiguration section */
		23BD1AFC214B4D31001437CD /* Debug */ = {
			isa = XCBuildConfiguration;
			buildSettings = {
				ALWAYS_SEARCH_USER_PATHS = NO;
				CLANG_ANALYZER_NONNULL = YES;
				CLANG_ANALYZER_NUMBER_OBJECT_CONVERSION = YES_AGGRESSIVE;
				CLANG_CXX_LANGUAGE_STANDARD = "gnu++14";
				CLANG_CXX_LIBRARY = "libc++";
				CLANG_ENABLE_MODULES = YES;
				CLANG_ENABLE_OBJC_ARC = YES;
				CLANG_WARN_BLOCK_CAPTURE_AUTORELEASING = YES;
				CLANG_WARN_BOOL_CONVERSION = YES;
				CLANG_WARN_COMMA = YES;
				CLANG_WARN_CONSTANT_CONVERSION = YES;
				CLANG_WARN_DIRECT_OBJC_ISA_USAGE = YES_ERROR;
				CLANG_WARN_DOCUMENTATION_COMMENTS = YES;
				CLANG_WARN_EMPTY_BODY = YES;
				CLANG_WARN_ENUM_CONVERSION = YES;
				CLANG_WARN_INFINITE_RECURSION = YES;
				CLANG_WARN_INT_CONVERSION = YES;
				CLANG_WARN_NON_LITERAL_NULL_CONVERSION = YES;
				CLANG_WARN_OBJC_LITERAL_CONVERSION = YES;
				CLANG_WARN_OBJC_ROOT_CLASS = YES_ERROR;
				CLANG_WARN_RANGE_LOOP_ANALYSIS = YES;
				CLANG_WARN_STRICT_PROTOTYPES = YES;
				CLANG_WARN_SUSPICIOUS_MOVE = YES;
				CLANG_WARN_UNGUARDED_AVAILABILITY = YES_AGGRESSIVE;
				CLANG_WARN_UNREACHABLE_CODE = YES;
				CLANG_WARN__DUPLICATE_METHOD_MATCH = YES;
				CODE_SIGN_IDENTITY = "iPhone Developer";
				COPY_PHASE_STRIP = NO;
				DEBUG_INFORMATION_FORMAT = dwarf;
				ENABLE_STRICT_OBJC_MSGSEND = YES;
				ENABLE_TESTABILITY = YES;
				GCC_C_LANGUAGE_STANDARD = gnu11;
				GCC_DYNAMIC_NO_PIC = NO;
				GCC_NO_COMMON_BLOCKS = YES;
				GCC_OPTIMIZATION_LEVEL = 0;
				GCC_PREPROCESSOR_DEFINITIONS = (
					"DEBUG=1",
					"$(inherited)",
				);
				GCC_WARN_64_TO_32_BIT_CONVERSION = YES;
				GCC_WARN_ABOUT_RETURN_TYPE = YES_ERROR;
				GCC_WARN_UNDECLARED_SELECTOR = YES;
				GCC_WARN_UNINITIALIZED_AUTOS = YES_AGGRESSIVE;
				GCC_WARN_UNUSED_FUNCTION = YES;
				GCC_WARN_UNUSED_VARIABLE = YES;
				IPHONEOS_DEPLOYMENT_TARGET = 11.2;
				MTL_ENABLE_DEBUG_INFO = YES;
				ONLY_ACTIVE_ARCH = YES;
				SDKROOT = iphoneos;
				SWIFT_ACTIVE_COMPILATION_CONDITIONS = DEBUG;
				SWIFT_OPTIMIZATION_LEVEL = "-Onone";
			};
			name = Debug;
		};
		23BD1AFD214B4D31001437CD /* Release */ = {
			isa = XCBuildConfiguration;
			buildSettings = {
				ALWAYS_SEARCH_USER_PATHS = NO;
				CLANG_ANALYZER_NONNULL = YES;
				CLANG_ANALYZER_NUMBER_OBJECT_CONVERSION = YES_AGGRESSIVE;
				CLANG_CXX_LANGUAGE_STANDARD = "gnu++14";
				CLANG_CXX_LIBRARY = "libc++";
				CLANG_ENABLE_MODULES = YES;
				CLANG_ENABLE_OBJC_ARC = YES;
				CLANG_WARN_BLOCK_CAPTURE_AUTORELEASING = YES;
				CLANG_WARN_BOOL_CONVERSION = YES;
				CLANG_WARN_COMMA = YES;
				CLANG_WARN_CONSTANT_CONVERSION = YES;
				CLANG_WARN_DIRECT_OBJC_ISA_USAGE = YES_ERROR;
				CLANG_WARN_DOCUMENTATION_COMMENTS = YES;
				CLANG_WARN_EMPTY_BODY = YES;
				CLANG_WARN_ENUM_CONVERSION = YES;
				CLANG_WARN_INFINITE_RECURSION = YES;
				CLANG_WARN_INT_CONVERSION = YES;
				CLANG_WARN_NON_LITERAL_NULL_CONVERSION = YES;
				CLANG_WARN_OBJC_LITERAL_CONVERSION = YES;
				CLANG_WARN_OBJC_ROOT_CLASS = YES_ERROR;
				CLANG_WARN_RANGE_LOOP_ANALYSIS = YES;
				CLANG_WARN_STRICT_PROTOTYPES = YES;
				CLANG_WARN_SUSPICIOUS_MOVE = YES;
				CLANG_WARN_UNGUARDED_AVAILABILITY = YES_AGGRESSIVE;
				CLANG_WARN_UNREACHABLE_CODE = YES;
				CLANG_WARN__DUPLICATE_METHOD_MATCH = YES;
				CODE_SIGN_IDENTITY = "iPhone Developer";
				COPY_PHASE_STRIP = NO;
				DEBUG_INFORMATION_FORMAT = "dwarf-with-dsym";
				ENABLE_NS_ASSERTIONS = NO;
				ENABLE_STRICT_OBJC_MSGSEND = YES;
				GCC_C_LANGUAGE_STANDARD = gnu11;
				GCC_NO_COMMON_BLOCKS = YES;
				GCC_WARN_64_TO_32_BIT_CONVERSION = YES;
				GCC_WARN_ABOUT_RETURN_TYPE = YES_ERROR;
				GCC_WARN_UNDECLARED_SELECTOR = YES;
				GCC_WARN_UNINITIALIZED_AUTOS = YES_AGGRESSIVE;
				GCC_WARN_UNUSED_FUNCTION = YES;
				GCC_WARN_UNUSED_VARIABLE = YES;
				IPHONEOS_DEPLOYMENT_TARGET = 11.2;
				MTL_ENABLE_DEBUG_INFO = NO;
				SDKROOT = iphoneos;
				SWIFT_OPTIMIZATION_LEVEL = "-Owholemodule";
				VALIDATE_PRODUCT = YES;
			};
			name = Release;
		};
		23BD1AFF214B4D31001437CD /* Debug */ = {
			isa = XCBuildConfiguration;
			baseConfigurationReference = DC215B7DE58E7C3AB49DFD8A /* Pods-PegasusEvaluation.debug.xcconfig */;
			buildSettings = {
				ASSETCATALOG_COMPILER_APPICON_NAME = AppIcon;
				CLANG_ENABLE_MODULES = YES;
				CODE_SIGN_STYLE = Automatic;
				DEVELOPMENT_TEAM = ULTX435EY4;
				INFOPLIST_FILE = PegasusEvaluation/Info.plist;
				LD_RUNPATH_SEARCH_PATHS = "$(inherited) @executable_path/Frameworks";
				PRODUCT_BUNDLE_IDENTIFIER = com.DanielSR.PegasusEvaluation;
				PRODUCT_NAME = "$(TARGET_NAME)";
				SWIFT_OBJC_BRIDGING_HEADER = "PegasusEvaluation/PegasusEvaluation-Bridging-Header.h";
				SWIFT_OPTIMIZATION_LEVEL = "-Onone";
				SWIFT_VERSION = 4.0;
				TARGETED_DEVICE_FAMILY = "1,2";
			};
			name = Debug;
		};
		23BD1B00214B4D31001437CD /* Release */ = {
			isa = XCBuildConfiguration;
			baseConfigurationReference = 6A2711CFE7FE6DD36A97CED9 /* Pods-PegasusEvaluation.release.xcconfig */;
			buildSettings = {
				ASSETCATALOG_COMPILER_APPICON_NAME = AppIcon;
				CLANG_ENABLE_MODULES = YES;
				CODE_SIGN_STYLE = Automatic;
				DEVELOPMENT_TEAM = ULTX435EY4;
				INFOPLIST_FILE = PegasusEvaluation/Info.plist;
				LD_RUNPATH_SEARCH_PATHS = "$(inherited) @executable_path/Frameworks";
				PRODUCT_BUNDLE_IDENTIFIER = com.DanielSR.PegasusEvaluation;
				PRODUCT_NAME = "$(TARGET_NAME)";
				SWIFT_OBJC_BRIDGING_HEADER = "PegasusEvaluation/PegasusEvaluation-Bridging-Header.h";
				SWIFT_VERSION = 4.0;
				TARGETED_DEVICE_FAMILY = "1,2";
			};
			name = Release;
		};
		23BD1B02214B4D31001437CD /* Debug */ = {
			isa = XCBuildConfiguration;
			baseConfigurationReference = A69D48D42A7AE9C3030D9E63 /* Pods-PegasusEvaluationTests.debug.xcconfig */;
			buildSettings = {
				ALWAYS_EMBED_SWIFT_STANDARD_LIBRARIES = YES;
				BUNDLE_LOADER = "$(TEST_HOST)";
				CODE_SIGN_STYLE = Automatic;
				DEVELOPMENT_TEAM = ULTX435EY4;
				INFOPLIST_FILE = PegasusEvaluationTests/Info.plist;
				LD_RUNPATH_SEARCH_PATHS = "$(inherited) @executable_path/Frameworks @loader_path/Frameworks";
				PRODUCT_BUNDLE_IDENTIFIER = com.DanielSR.PegasusEvaluationTests;
				PRODUCT_NAME = "$(TARGET_NAME)";
				SWIFT_VERSION = 4.0;
				TARGETED_DEVICE_FAMILY = "1,2";
				TEST_HOST = "$(BUILT_PRODUCTS_DIR)/PegasusEvaluation.app/PegasusEvaluation";
			};
			name = Debug;
		};
		23BD1B03214B4D31001437CD /* Release */ = {
			isa = XCBuildConfiguration;
			baseConfigurationReference = 619E5428AD90224101B06DD7 /* Pods-PegasusEvaluationTests.release.xcconfig */;
			buildSettings = {
				ALWAYS_EMBED_SWIFT_STANDARD_LIBRARIES = YES;
				BUNDLE_LOADER = "$(TEST_HOST)";
				CODE_SIGN_STYLE = Automatic;
				DEVELOPMENT_TEAM = ULTX435EY4;
				INFOPLIST_FILE = PegasusEvaluationTests/Info.plist;
				LD_RUNPATH_SEARCH_PATHS = "$(inherited) @executable_path/Frameworks @loader_path/Frameworks";
				PRODUCT_BUNDLE_IDENTIFIER = com.DanielSR.PegasusEvaluationTests;
				PRODUCT_NAME = "$(TARGET_NAME)";
				SWIFT_VERSION = 4.0;
				TARGETED_DEVICE_FAMILY = "1,2";
				TEST_HOST = "$(BUILT_PRODUCTS_DIR)/PegasusEvaluation.app/PegasusEvaluation";
			};
			name = Release;
		};
		23BD1B05214B4D31001437CD /* Debug */ = {
			isa = XCBuildConfiguration;
			baseConfigurationReference = 90860894B47D24682EE5DFF2 /* Pods-PegasusEvaluationUITests.debug.xcconfig */;
			buildSettings = {
				ALWAYS_EMBED_SWIFT_STANDARD_LIBRARIES = YES;
				CODE_SIGN_STYLE = Automatic;
				DEVELOPMENT_TEAM = ULTX435EY4;
				INFOPLIST_FILE = PegasusEvaluationUITests/Info.plist;
				LD_RUNPATH_SEARCH_PATHS = "$(inherited) @executable_path/Frameworks @loader_path/Frameworks";
				PRODUCT_BUNDLE_IDENTIFIER = com.DanielSR.PegasusEvaluationUITests;
				PRODUCT_NAME = "$(TARGET_NAME)";
				SWIFT_VERSION = 4.0;
				TARGETED_DEVICE_FAMILY = "1,2";
				TEST_TARGET_NAME = PegasusEvaluation;
			};
			name = Debug;
		};
		23BD1B06214B4D31001437CD /* Release */ = {
			isa = XCBuildConfiguration;
			baseConfigurationReference = 5D0E6ED17DEBD3146AE9808D /* Pods-PegasusEvaluationUITests.release.xcconfig */;
			buildSettings = {
				ALWAYS_EMBED_SWIFT_STANDARD_LIBRARIES = YES;
				CODE_SIGN_STYLE = Automatic;
				DEVELOPMENT_TEAM = ULTX435EY4;
				INFOPLIST_FILE = PegasusEvaluationUITests/Info.plist;
				LD_RUNPATH_SEARCH_PATHS = "$(inherited) @executable_path/Frameworks @loader_path/Frameworks";
				PRODUCT_BUNDLE_IDENTIFIER = com.DanielSR.PegasusEvaluationUITests;
				PRODUCT_NAME = "$(TARGET_NAME)";
				SWIFT_VERSION = 4.0;
				TARGETED_DEVICE_FAMILY = "1,2";
				TEST_TARGET_NAME = PegasusEvaluation;
			};
			name = Release;
		};
/* End XCBuildConfiguration section */

/* Begin XCConfigurationList section */
		23BD1AD1214B4D31001437CD /* Build configuration list for PBXProject "PegasusEvaluation" */ = {
			isa = XCConfigurationList;
			buildConfigurations = (
				23BD1AFC214B4D31001437CD /* Debug */,
				23BD1AFD214B4D31001437CD /* Release */,
			);
			defaultConfigurationIsVisible = 0;
			defaultConfigurationName = Release;
		};
		23BD1AFE214B4D31001437CD /* Build configuration list for PBXNativeTarget "PegasusEvaluation" */ = {
			isa = XCConfigurationList;
			buildConfigurations = (
				23BD1AFF214B4D31001437CD /* Debug */,
				23BD1B00214B4D31001437CD /* Release */,
			);
			defaultConfigurationIsVisible = 0;
			defaultConfigurationName = Release;
		};
		23BD1B01214B4D31001437CD /* Build configuration list for PBXNativeTarget "PegasusEvaluationTests" */ = {
			isa = XCConfigurationList;
			buildConfigurations = (
				23BD1B02214B4D31001437CD /* Debug */,
				23BD1B03214B4D31001437CD /* Release */,
			);
			defaultConfigurationIsVisible = 0;
			defaultConfigurationName = Release;
		};
		23BD1B04214B4D31001437CD /* Build configuration list for PBXNativeTarget "PegasusEvaluationUITests" */ = {
			isa = XCConfigurationList;
			buildConfigurations = (
				23BD1B05214B4D31001437CD /* Debug */,
				23BD1B06214B4D31001437CD /* Release */,
			);
			defaultConfigurationIsVisible = 0;
			defaultConfigurationName = Release;
		};
/* End XCConfigurationList section */
	};
	rootObject = 23BD1ACE214B4D31001437CD /* Project object */;
}
